// !$*UTF8*$!
{
	archiveVersion = 1;
	classes = {
	};
	objectVersion = 77;
	objects = {

/* Begin PBXBuildFile section */
		800BAE3C2E0A1481006F1D22 /* AppColor.swift in Sources */ = {isa = PBXBuildFile; fileRef = 800BAE352E0A1481006F1D22 /* AppColor.swift */; };
		800BAE3D2E0A1481006F1D22 /* AnalysisView.swift in Sources */ = {isa = PBXBuildFile; fileRef = 800BAE342E0A1481006F1D22 /* AnalysisView.swift */; };
		800BAE3E2E0A1481006F1D22 /* AnalysisModel.swift in Sources */ = {isa = PBXBuildFile; fileRef = 800BAE322E0A1481006F1D22 /* AnalysisModel.swift */; };
		800BAE3F2E0A1481006F1D22 /* HomeView.swift in Sources */ = {isa = PBXBuildFile; fileRef = 800BAE372E0A1481006F1D22 /* HomeView.swift */; };
		800BAE402E0A1481006F1D22 /* CameraView.swift in Sources */ = {isa = PBXBuildFile; fileRef = 800BAE362E0A1481006F1D22 /* CameraView.swift */; };
		800BAE412E0A1481006F1D22 /* ColorMatchApp.swift in Sources */ = {isa = PBXBuildFile; fileRef = 800BAE3A2E0A1481006F1D22 /* ColorMatchApp.swift */; };
		800BAE422E0A1481006F1D22 /* Assets.xcassets in Resources */ = {isa = PBXBuildFile; fileRef = 800BAE392E0A1481006F1D22 /* Assets.xcassets */; };
		8084C06F2E146D2D00A8EB4E /* AnalysisViewModel.swift in Sources */ = {isa = PBXBuildFile; fileRef = 8084C06E2E146D2D00A8EB4E /* AnalysisViewModel.swift */; };
		8084C0712E147FE900A8EB4E /* AnalysisEngine.swift in Sources */ = {isa = PBXBuildFile; fileRef = 8084C0702E147FE900A8EB4E /* AnalysisEngine.swift */; };
/* End PBXBuildFile section */

/* Begin PBXFileReference section */
		800BAE032E00A761006F1D22 /* ColorMatch.app */ = {isa = PBXFileReference; explicitFileType = wrapper.application; includeInIndex = 0; path = ColorMatch.app; sourceTree = BUILT_PRODUCTS_DIR; };
		800BAE322E0A1481006F1D22 /* AnalysisModel.swift */ = {isa = PBXFileReference; lastKnownFileType = sourcecode.swift; path = AnalysisModel.swift; sourceTree = "<group>"; };
		800BAE342E0A1481006F1D22 /* AnalysisView.swift */ = {isa = PBXFileReference; lastKnownFileType = sourcecode.swift; path = AnalysisView.swift; sourceTree = "<group>"; };
		800BAE352E0A1481006F1D22 /* AppColor.swift */ = {isa = PBXFileReference; lastKnownFileType = sourcecode.swift; path = AppColor.swift; sourceTree = "<group>"; };
		800BAE362E0A1481006F1D22 /* CameraView.swift */ = {isa = PBXFileReference; lastKnownFileType = sourcecode.swift; path = CameraView.swift; sourceTree = "<group>"; };
		800BAE372E0A1481006F1D22 /* HomeView.swift */ = {isa = PBXFileReference; lastKnownFileType = sourcecode.swift; path = HomeView.swift; sourceTree = "<group>"; };
		800BAE392E0A1481006F1D22 /* Assets.xcassets */ = {isa = PBXFileReference; lastKnownFileType = folder.assetcatalog; path = Assets.xcassets; sourceTree = "<group>"; };
		800BAE3A2E0A1481006F1D22 /* ColorMatchApp.swift */ = {isa = PBXFileReference; lastKnownFileType = sourcecode.swift; path = ColorMatchApp.swift; sourceTree = "<group>"; };
		8084C06E2E146D2D00A8EB4E /* AnalysisViewModel.swift */ = {isa = PBXFileReference; lastKnownFileType = sourcecode.swift; path = AnalysisViewModel.swift; sourceTree = "<group>"; };
		8084C0702E147FE900A8EB4E /* AnalysisEngine.swift */ = {isa = PBXFileReference; lastKnownFileType = sourcecode.swift; path = AnalysisEngine.swift; sourceTree = "<group>"; };
/* End PBXFileReference section */

/* Begin PBXFrameworksBuildPhase section */
		800BAE002E00A761006F1D22 /* Frameworks */ = {
			isa = PBXFrameworksBuildPhase;
			buildActionMask = 2147483647;
			files = (
			);
			runOnlyForDeploymentPostprocessing = 0;
		};
/* End PBXFrameworksBuildPhase section */

/* Begin PBXGroup section */
		800BADFA2E00A761006F1D22 = {
			isa = PBXGroup;
			children = (
				800BAE3B2E0A1481006F1D22 /* ColorMatch */,
				800BAE042E00A761006F1D22 /* Products */,
			);
			sourceTree = "<group>";
		};
		800BAE042E00A761006F1D22 /* Products */ = {
			isa = PBXGroup;
			children = (
				800BAE032E00A761006F1D22 /* ColorMatch.app */,
			);
			name = Products;
			sourceTree = "<group>";
		};
		800BAE332E0A1481006F1D22 /* Models */ = {
			isa = PBXGroup;
			children = (
				800BAE322E0A1481006F1D22 /* AnalysisModel.swift */,
				8084C0702E147FE900A8EB4E /* AnalysisEngine.swift */,
			);
			path = Models;
			sourceTree = "<group>";
		};
		800BAE382E0A1481006F1D22 /* Views */ = {
			isa = PBXGroup;
			children = (
				800BAE342E0A1481006F1D22 /* AnalysisView.swift */,
				800BAE362E0A1481006F1D22 /* CameraView.swift */,
				800BAE352E0A1481006F1D22 /* AppColor.swift */,
				800BAE372E0A1481006F1D22 /* HomeView.swift */,
			);
			path = Views;
			sourceTree = "<group>";
		};
		800BAE3B2E0A1481006F1D22 /* ColorMatch */ = {
			isa = PBXGroup;
			children = (
				8084C06D2E146CF700A8EB4E /* ViewModels */,
				800BAE332E0A1481006F1D22 /* Models */,
				800BAE382E0A1481006F1D22 /* Views */,
				800BAE392E0A1481006F1D22 /* Assets.xcassets */,
				800BAE3A2E0A1481006F1D22 /* ColorMatchApp.swift */,
			);
			path = ColorMatch;
			sourceTree = "<group>";
		};
		8084C06D2E146CF700A8EB4E /* ViewModels */ = {
			isa = PBXGroup;
			children = (
				8084C06E2E146D2D00A8EB4E /* AnalysisViewModel.swift */,
			);
			path = ViewModels;
			sourceTree = "<group>";
		};
/* End PBXGroup section */

/* Begin PBXNativeTarget section */
		800BAE022E00A761006F1D22 /* ColorMatch */ = {
			isa = PBXNativeTarget;
			buildConfigurationList = 800BAE0E2E00A763006F1D22 /* Build configuration list for PBXNativeTarget "ColorMatch" */;
			buildPhases = (
				800BADFF2E00A761006F1D22 /* Sources */,
				800BAE002E00A761006F1D22 /* Frameworks */,
				800BAE012E00A761006F1D22 /* Resources */,
			);
			buildRules = (
			);
			dependencies = (
			);
			name = ColorMatch;
			packageProductDependencies = (
			);
			productName = ColorMatch;
			productReference = 800BAE032E00A761006F1D22 /* ColorMatch.app */;
			productType = "com.apple.product-type.application";
		};
/* End PBXNativeTarget section */

/* Begin PBXProject section */
		800BADFB2E00A761006F1D22 /* Project object */ = {
			isa = PBXProject;
			attributes = {
				BuildIndependentTargetsInParallel = 1;
				LastSwiftUpdateCheck = 1630;
				LastUpgradeCheck = 1630;
				TargetAttributes = {
					800BAE022E00A761006F1D22 = {
						CreatedOnToolsVersion = 16.3;
					};
				};
			};
			buildConfigurationList = 800BADFE2E00A761006F1D22 /* Build configuration list for PBXProject "ColorMatch" */;
			developmentRegion = en;
			hasScannedForEncodings = 0;
			knownRegions = (
				en,
				Base,
			);
			mainGroup = 800BADFA2E00A761006F1D22;
			minimizedProjectReferenceProxies = 1;
			preferredProjectObjectVersion = 77;
			productRefGroup = 800BAE042E00A761006F1D22 /* Products */;
			projectDirPath = "";
			projectRoot = "";
			targets = (
				800BAE022E00A761006F1D22 /* ColorMatch */,
			);
		};
/* End PBXProject section */

/* Begin PBXResourcesBuildPhase section */
		800BAE012E00A761006F1D22 /* Resources */ = {
			isa = PBXResourcesBuildPhase;
			buildActionMask = 2147483647;
			files = (
				800BAE422E0A1481006F1D22 /* Assets.xcassets in Resources */,
			);
			runOnlyForDeploymentPostprocessing = 0;
		};
/* End PBXResourcesBuildPhase section */

/* Begin PBXSourcesBuildPhase section */
		800BADFF2E00A761006F1D22 /* Sources */ = {
			isa = PBXSourcesBuildPhase;
			buildActionMask = 2147483647;
			files = (
				8084C06F2E146D2D00A8EB4E /* AnalysisViewModel.swift in Sources */,
				8084C0712E147FE900A8EB4E /* AnalysisEngine.swift in Sources */,
				800BAE3C2E0A1481006F1D22 /* AppColor.swift in Sources */,
				800BAE3D2E0A1481006F1D22 /* AnalysisView.swift in Sources */,
				800BAE3E2E0A1481006F1D22 /* AnalysisModel.swift in Sources */,
				800BAE3F2E0A1481006F1D22 /* HomeView.swift in Sources */,
				800BAE402E0A1481006F1D22 /* CameraView.swift in Sources */,
				800BAE412E0A1481006F1D22 /* ColorMatchApp.swift in Sources */,
			);
			runOnlyForDeploymentPostprocessing = 0;
		};
/* End PBXSourcesBuildPhase section */

/* Begin XCBuildConfiguration section */
		800BAE0C2E00A763006F1D22 /* Debug */ = {
			isa = XCBuildConfiguration;
			buildSettings = {
				ALWAYS_SEARCH_USER_PATHS = NO;
				ASSETCATALOG_COMPILER_GENERATE_SWIFT_ASSET_SYMBOL_EXTENSIONS = YES;
				CLANG_ANALYZER_NONNULL = YES;
				CLANG_ANALYZER_NUMBER_OBJECT_CONVERSION = YES_AGGRESSIVE;
				CLANG_CXX_LANGUAGE_STANDARD = "gnu++20";
				CLANG_ENABLE_MODULES = YES;
				CLANG_ENABLE_OBJC_ARC = YES;
				CLANG_ENABLE_OBJC_WEAK = YES;
				CLANG_WARN_BLOCK_CAPTURE_AUTORELEASING = YES;
				CLANG_WARN_BOOL_CONVERSION = YES;
				CLANG_WARN_COMMA = YES;
				CLANG_WARN_CONSTANT_CONVERSION = YES;
				CLANG_WARN_DEPRECATED_OBJC_IMPLEMENTATIONS = YES;
				CLANG_WARN_DIRECT_OBJC_ISA_USAGE = YES_ERROR;
				CLANG_WARN_DOCUMENTATION_COMMENTS = YES;
				CLANG_WARN_EMPTY_BODY = YES;
				CLANG_WARN_ENUM_CONVERSION = YES;
				CLANG_WARN_INFINITE_RECURSION = YES;
				CLANG_WARN_INT_CONVERSION = YES;
				CLANG_WARN_NON_LITERAL_NULL_CONVERSION = YES;
				CLANG_WARN_OBJC_IMPLICIT_RETAIN_SELF = YES;
				CLANG_WARN_OBJC_LITERAL_CONVERSION = YES;
				CLANG_WARN_OBJC_ROOT_CLASS = YES_ERROR;
				CLANG_WARN_QUOTED_INCLUDE_IN_FRAMEWORK_HEADER = YES;
				CLANG_WARN_RANGE_LOOP_ANALYSIS = YES;
				CLANG_WARN_STRICT_PROTOTYPES = YES;
				CLANG_WARN_SUSPICIOUS_MOVE = YES;
				CLANG_WARN_UNGUARDED_AVAILABILITY = YES_AGGRESSIVE;
				CLANG_WARN_UNREACHABLE_CODE = YES;
				CLANG_WARN__DUPLICATE_METHOD_MATCH = YES;
				COPY_PHASE_STRIP = NO;
				DEBUG_INFORMATION_FORMAT = dwarf;
				ENABLE_STRICT_OBJC_MSGSEND = YES;
				ENABLE_TESTABILITY = YES;
				ENABLE_USER_SCRIPT_SANDBOXING = YES;
				GCC_C_LANGUAGE_STANDARD = gnu17;
				GCC_DYNAMIC_NO_PIC = NO;
				GCC_NO_COMMON_BLOCKS = YES;
				GCC_OPTIMIZATION_LEVEL = 0;
				GCC_PREPROCESSOR_DEFINITIONS = (
					"DEBUG=1",
					"$(inherited)",
				);
				GCC_WARN_64_TO_32_BIT_CONVERSION = YES;
				GCC_WARN_ABOUT_RETURN_TYPE = YES_ERROR;
				GCC_WARN_UNDECLARED_SELECTOR = YES;
				GCC_WARN_UNINITIALIZED_AUTOS = YES_AGGRESSIVE;
				GCC_WARN_UNUSED_FUNCTION = YES;
				GCC_WARN_UNUSED_VARIABLE = YES;
				IPHONEOS_DEPLOYMENT_TARGET = 18.4;
				LOCALIZATION_PREFERS_STRING_CATALOGS = YES;
				MTL_ENABLE_DEBUG_INFO = INCLUDE_SOURCE;
				MTL_FAST_MATH = YES;
				ONLY_ACTIVE_ARCH = YES;
				SDKROOT = iphoneos;
				SWIFT_ACTIVE_COMPILATION_CONDITIONS = "DEBUG $(inherited)";
				SWIFT_OPTIMIZATION_LEVEL = "-Onone";
			};
			name = Debug;
		};
		800BAE0D2E00A763006F1D22 /* Release */ = {
			isa = XCBuildConfiguration;
			buildSettings = {
				ALWAYS_SEARCH_USER_PATHS = NO;
				ASSETCATALOG_COMPILER_GENERATE_SWIFT_ASSET_SYMBOL_EXTENSIONS = YES;
				CLANG_ANALYZER_NONNULL = YES;
				CLANG_ANALYZER_NUMBER_OBJECT_CONVERSION = YES_AGGRESSIVE;
				CLANG_CXX_LANGUAGE_STANDARD = "gnu++20";
				CLANG_ENABLE_MODULES = YES;
				CLANG_ENABLE_OBJC_ARC = YES;
				CLANG_ENABLE_OBJC_WEAK = YES;
				CLANG_WARN_BLOCK_CAPTURE_AUTORELEASING = YES;
				CLANG_WARN_BOOL_CONVERSION = YES;
				CLANG_WARN_COMMA = YES;
				CLANG_WARN_CONSTANT_CONVERSION = YES;
				CLANG_WARN_DEPRECATED_OBJC_IMPLEMENTATIONS = YES;
				CLANG_WARN_DIRECT_OBJC_ISA_USAGE = YES_ERROR;
				CLANG_WARN_DOCUMENTATION_COMMENTS = YES;
				CLANG_WARN_EMPTY_BODY = YES;
				CLANG_WARN_ENUM_CONVERSION = YES;
				CLANG_WARN_INFINITE_RECURSION = YES;
				CLANG_WARN_INT_CONVERSION = YES;
				CLANG_WARN_NON_LITERAL_NULL_CONVERSION = YES;
				CLANG_WARN_OBJC_IMPLICIT_RETAIN_SELF = YES;
				CLANG_WARN_OBJC_LITERAL_CONVERSION = YES;
				CLANG_WARN_OBJC_ROOT_CLASS = YES_ERROR;
				CLANG_WARN_QUOTED_INCLUDE_IN_FRAMEWORK_HEADER = YES;
				CLANG_WARN_RANGE_LOOP_ANALYSIS = YES;
				CLANG_WARN_STRICT_PROTOTYPES = YES;
				CLANG_WARN_SUSPICIOUS_MOVE = YES;
				CLANG_WARN_UNGUARDED_AVAILABILITY = YES_AGGRESSIVE;
				CLANG_WARN_UNREACHABLE_CODE = YES;
				CLANG_WARN__DUPLICATE_METHOD_MATCH = YES;
				COPY_PHASE_STRIP = NO;
				DEBUG_INFORMATION_FORMAT = "dwarf-with-dsym";
				ENABLE_NS_ASSERTIONS = NO;
				ENABLE_STRICT_OBJC_MSGSEND = YES;
				ENABLE_USER_SCRIPT_SANDBOXING = YES;
				GCC_C_LANGUAGE_STANDARD = gnu17;
				GCC_NO_COMMON_BLOCKS = YES;
				GCC_WARN_64_TO_32_BIT_CONVERSION = YES;
				GCC_WARN_ABOUT_RETURN_TYPE = YES_ERROR;
				GCC_WARN_UNDECLARED_SELECTOR = YES;
				GCC_WARN_UNINITIALIZED_AUTOS = YES_AGGRESSIVE;
				GCC_WARN_UNUSED_FUNCTION = YES;
				GCC_WARN_UNUSED_VARIABLE = YES;
				IPHONEOS_DEPLOYMENT_TARGET = 18.4;
				LOCALIZATION_PREFERS_STRING_CATALOGS = YES;
				MTL_ENABLE_DEBUG_INFO = NO;
				MTL_FAST_MATH = YES;
				SDKROOT = iphoneos;
				SWIFT_COMPILATION_MODE = wholemodule;
				VALIDATE_PRODUCT = YES;
			};
			name = Release;
		};
		800BAE0F2E00A763006F1D22 /* Debug */ = {
			isa = XCBuildConfiguration;
			buildSettings = {
				ASSETCATALOG_COMPILER_APPICON_NAME = AppIcon;
				ASSETCATALOG_COMPILER_GLOBAL_ACCENT_COLOR_NAME = AccentColor;
				CODE_SIGN_STYLE = Automatic;
				CURRENT_PROJECT_VERSION = 1;
				DEVELOPMENT_TEAM = 7U7LS66GFY;
				ENABLE_PREVIEWS = YES;
				GENERATE_INFOPLIST_FILE = YES;
				INFOPLIST_KEY_NSCameraUsageDescription = "We need access to your camera for photo analysis.";
				INFOPLIST_KEY_NSPhotoLibraryUsageDescription = "We need access to your photos for photo analysis.";
				INFOPLIST_KEY_UIApplicationSceneManifest_Generation = YES;
				INFOPLIST_KEY_UIApplicationSupportsIndirectInputEvents = YES;
				INFOPLIST_KEY_UILaunchScreen_Generation = YES;
				INFOPLIST_KEY_UISupportedInterfaceOrientations_iPad = "UIInterfaceOrientationPortrait UIInterfaceOrientationPortraitUpsideDown UIInterfaceOrientationLandscapeLeft UIInterfaceOrientationLandscapeRight";
				INFOPLIST_KEY_UISupportedInterfaceOrientations_iPhone = "UIInterfaceOrientationPortrait UIInterfaceOrientationLandscapeLeft UIInterfaceOrientationLandscapeRight";
				LD_RUNPATH_SEARCH_PATHS = (
					"$(inherited)",
					"@executable_path/Frameworks",
				);
				MARKETING_VERSION = 1.0;
				"OTHER_SWIFT_FLAGS[sdk=*]" = "-Xfrontend -warn-long-expression-type-checking=100";
				PRODUCT_BUNDLE_IDENTIFIER = "com.eric-langhorne.ColorMatch";
				PRODUCT_NAME = "$(TARGET_NAME)";
				SWIFT_EMIT_LOC_STRINGS = YES;
				SWIFT_VERSION = 5.0;
				TARGETED_DEVICE_FAMILY = "1,2";
			};
			name = Debug;
		};
		800BAE102E00A763006F1D22 /* Release */ = {
			isa = XCBuildConfiguration;
			buildSettings = {
				ASSETCATALOG_COMPILER_APPICON_NAME = AppIcon;
				ASSETCATALOG_COMPILER_GLOBAL_ACCENT_COLOR_NAME = AccentColor;
				CODE_SIGN_STYLE = Automatic;
				CURRENT_PROJECT_VERSION = 1;
				DEVELOPMENT_TEAM = 7U7LS66GFY;
				ENABLE_PREVIEWS = YES;
				GENERATE_INFOPLIST_FILE = YES;
				INFOPLIST_KEY_NSCameraUsageDescription = "We need access to your camera for photo analysis.";
				INFOPLIST_KEY_NSPhotoLibraryUsageDescription = "We need access to your photos for photo analysis.";
				INFOPLIST_KEY_UIApplicationSceneManifest_Generation = YES;
				INFOPLIST_KEY_UIApplicationSupportsIndirectInputEvents = YES;
				INFOPLIST_KEY_UILaunchScreen_Generation = YES;
				INFOPLIST_KEY_UISupportedInterfaceOrientations_iPad = "UIInterfaceOrientationPortrait UIInterfaceOrientationPortraitUpsideDown UIInterfaceOrientationLandscapeLeft UIInterfaceOrientationLandscapeRight";
				INFOPLIST_KEY_UISupportedInterfaceOrientations_iPhone = "UIInterfaceOrientationPortrait UIInterfaceOrientationLandscapeLeft UIInterfaceOrientationLandscapeRight";
				LD_RUNPATH_SEARCH_PATHS = (
					"$(inherited)",
					"@executable_path/Frameworks",
				);
				MARKETING_VERSION = 1.0;
				PRODUCT_BUNDLE_IDENTIFIER = "com.eric-langhorne.ColorMatch";
				PRODUCT_NAME = "$(TARGET_NAME)";
				SWIFT_EMIT_LOC_STRINGS = YES;
				SWIFT_VERSION = 5.0;
				TARGETED_DEVICE_FAMILY = "1,2";
			};
			name = Release;
		};
/* End XCBuildConfiguration section */

/* Begin XCConfigurationList section */
		800BADFE2E00A761006F1D22 /* Build configuration list for PBXProject "ColorMatch" */ = {
			isa = XCConfigurationList;
			buildConfigurations = (
				800BAE0C2E00A763006F1D22 /* Debug */,
				800BAE0D2E00A763006F1D22 /* Release */,
			);
			defaultConfigurationIsVisible = 0;
			defaultConfigurationName = Release;
		};
		800BAE0E2E00A763006F1D22 /* Build configuration list for PBXNativeTarget "ColorMatch" */ = {
			isa = XCConfigurationList;
			buildConfigurations = (
				800BAE0F2E00A763006F1D22 /* Debug */,
				800BAE102E00A763006F1D22 /* Release */,
			);
			defaultConfigurationIsVisible = 0;
			defaultConfigurationName = Release;
		};
/* End XCConfigurationList section */
	};
	rootObject = 800BADFB2E00A761006F1D22 /* Project object */;
}
